<?xml version="1.0" encoding="utf-8"?>
<Project ToolsVersion="4.0" xmlns="http://schemas.microsoft.com/developer/msbuild/2003">
  <ItemGroup>
    <ClCompile Include="src\Main.cpp">
      <Filter>src</Filter>
    </ClCompile>
    <ClCompile Include="lib\ImGui\imgui.cpp">
      <Filter>src\lib\ImGui</Filter>
    </ClCompile>
    <ClCompile Include="lib\ImGui\imgui_demo.cpp">
      <Filter>src\lib\ImGui</Filter>
    </ClCompile>
    <ClCompile Include="lib\ImGui\imgui_draw.cpp">
      <Filter>src\lib\ImGui</Filter>
    </ClCompile>
    <ClCompile Include="lib\ImGui\backends\imgui_impl_win32.cpp">
      <Filter>src\lib\ImGui</Filter>
    </ClCompile>
    <ClCompile Include="lib\ImGui\backends\imgui_impl_opengl3.cpp">
      <Filter>src\lib\ImGui</Filter>
    </ClCompile>
    <ClCompile Include="lib\ImGui\imgui_tables.cpp">
      <Filter>src\lib\ImGui</Filter>
    </ClCompile>
    <ClCompile Include="lib\ImGui\imgui_widgets.cpp">
      <Filter>src\lib\ImGui</Filter>
    </ClCompile>
    <ClCompile Include="src\util\helpers.cpp">
      <Filter>src\util</Filter>
    </ClCompile>
    <ClCompile Include="src\util\keystates.cpp">
      <Filter>src\util</Filter>
    </ClCompile>
    <ClCompile Include="src\util\text_file_functions.cpp">
      <Filter>src\util</Filter>
    </ClCompile>
    <ClCompile Include="src\util\text_functions.cpp">
      <Filter>src\util</Filter>
    </ClCompile>
    <ClCompile Include="src\test\opengl_test.cpp">
      <Filter>src\test</Filter>
    </ClCompile>
    <ClCompile Include="src\test\http_lib_test.cpp">
      <Filter>src\test</Filter>
    </ClCompile>
    <ClCompile Include="src\test\directx9_test.cpp">
      <Filter>src\test</Filter>
    </ClCompile>
    <ClCompile Include="src\test\curl_test.cpp">
      <Filter>src\test</Filter>
    </ClCompile>
    <ClCompile Include="src\test\constructor_test.cpp">
      <Filter>src\test</Filter>
    </ClCompile>
    <ClCompile Include="src\menus\main_menu.cpp">
      <Filter>src\menus</Filter>
    </ClCompile>
    <ClCompile Include="src\menus\text_menu.cpp">
      <Filter>src\menus</Filter>
    </ClCompile>
    <ClCompile Include="lib\ImGui\backends\imgui_impl_dx9.cpp">
      <Filter>src\lib\ImGui</Filter>
    </ClCompile>
    <ClCompile Include="src\menus\vice_city_menu.cpp">
      <Filter>src\menus</Filter>
    </ClCompile>
    <ClCompile Include="src\functions\imgui_functions.cpp">
      <Filter>src\functions</Filter>
    </ClCompile>
    <ClCompile Include="src\menus\test_menu2.cpp">
      <Filter>src\menus</Filter>
    </ClCompile>
    <ClCompile Include="src\menus\test_menu1.cpp">
      <Filter>src\menus</Filter>
    </ClCompile>
    <ClCompile Include="src\util\misc_util.cpp">
      <Filter>src\util</Filter>
    </ClCompile>
    <ClCompile Include="lib\lua\lundump.c">
      <Filter>src\lib\lua</Filter>
    </ClCompile>
    <ClCompile Include="lib\lua\lutf8lib.c">
      <Filter>src\lib\lua</Filter>
    </ClCompile>
    <ClCompile Include="lib\lua\lvm.c">
      <Filter>src\lib\lua</Filter>
    </ClCompile>
    <ClCompile Include="lib\lua\lzio.c">
      <Filter>src\lib\lua</Filter>
    </ClCompile>
    <ClCompile Include="lib\lua\lapi.c">
      <Filter>src\lib\lua</Filter>
    </ClCompile>
    <ClCompile Include="lib\lua\lauxlib.c">
      <Filter>src\lib\lua</Filter>
    </ClCompile>
    <ClCompile Include="lib\lua\lbaselib.c">
      <Filter>src\lib\lua</Filter>
    </ClCompile>
    <ClCompile Include="lib\lua\lcode.c">
      <Filter>src\lib\lua</Filter>
    </ClCompile>
    <ClCompile Include="lib\lua\lcorolib.c">
      <Filter>src\lib\lua</Filter>
    </ClCompile>
    <ClCompile Include="lib\lua\lctype.c">
      <Filter>src\lib\lua</Filter>
    </ClCompile>
    <ClCompile Include="lib\lua\ldblib.c">
      <Filter>src\lib\lua</Filter>
    </ClCompile>
    <ClCompile Include="lib\lua\ldebug.c">
      <Filter>src\lib\lua</Filter>
    </ClCompile>
    <ClCompile Include="lib\lua\ldo.c">
      <Filter>src\lib\lua</Filter>
    </ClCompile>
    <ClCompile Include="lib\lua\ldump.c">
      <Filter>src\lib\lua</Filter>
    </ClCompile>
    <ClCompile Include="lib\lua\lfunc.c">
      <Filter>src\lib\lua</Filter>
    </ClCompile>
    <ClCompile Include="lib\lua\lgc.c">
      <Filter>src\lib\lua</Filter>
    </ClCompile>
    <ClCompile Include="lib\lua\linit.c">
      <Filter>src\lib\lua</Filter>
    </ClCompile>
    <ClCompile Include="lib\lua\liolib.c">
      <Filter>src\lib\lua</Filter>
    </ClCompile>
    <ClCompile Include="lib\lua\llex.c">
      <Filter>src\lib\lua</Filter>
    </ClCompile>
    <ClCompile Include="lib\lua\lmathlib.c">
      <Filter>src\lib\lua</Filter>
    </ClCompile>
    <ClCompile Include="lib\lua\lmem.c">
      <Filter>src\lib\lua</Filter>
    </ClCompile>
    <ClCompile Include="lib\lua\loadlib.c">
      <Filter>src\lib\lua</Filter>
    </ClCompile>
    <ClCompile Include="lib\lua\lobject.c">
      <Filter>src\lib\lua</Filter>
    </ClCompile>
    <ClCompile Include="lib\lua\lopcodes.c">
      <Filter>src\lib\lua</Filter>
    </ClCompile>
    <ClCompile Include="lib\lua\loslib.c">
      <Filter>src\lib\lua</Filter>
    </ClCompile>
    <ClCompile Include="lib\lua\lparser.c">
      <Filter>src\lib\lua</Filter>
    </ClCompile>
    <ClCompile Include="lib\lua\lstate.c">
      <Filter>src\lib\lua</Filter>
    </ClCompile>
    <ClCompile Include="lib\lua\lstring.c">
      <Filter>src\lib\lua</Filter>
    </ClCompile>
    <ClCompile Include="lib\lua\lstrlib.c">
      <Filter>src\lib\lua</Filter>
    </ClCompile>
    <ClCompile Include="lib\lua\ltable.c">
      <Filter>src\lib\lua</Filter>
    </ClCompile>
    <ClCompile Include="lib\lua\ltablib.c">
      <Filter>src\lib\lua</Filter>
    </ClCompile>
    <ClCompile Include="lib\lua\ltm.c">
      <Filter>src\lib\lua</Filter>
    </ClCompile>
    <ClCompile Include="src\util\defines.cpp">
      <Filter>src\util</Filter>
    </ClCompile>
    <ClCompile Include="src\test\lua_test.cpp">
      <Filter>src\test</Filter>
    </ClCompile>
    <ClCompile Include="src\functions\file_functions.cpp">
      <Filter>src\functions</Filter>
    </ClCompile>
    <ClCompile Include="src\menus\lua_menu.cpp">
      <Filter>src\menus</Filter>
    </ClCompile>
  </ItemGroup>
  <ItemGroup>
    <ClInclude Include="lib\ImGui\imconfig.h">
      <Filter>src\lib\ImGui</Filter>
    </ClInclude>
    <ClInclude Include="lib\ImGui\imgui.h">
      <Filter>src\lib\ImGui</Filter>
    </ClInclude>
    <ClInclude Include="lib\ImGui\backends\imgui_impl_dx9.h">
      <Filter>src\lib\ImGui</Filter>
    </ClInclude>
    <ClInclude Include="lib\ImGui\backends\imgui_impl_opengl3_loader.h">
      <Filter>src\lib\ImGui</Filter>
    </ClInclude>
    <ClInclude Include="lib\ImGui\backends\imgui_impl_opengl3.h">
      <Filter>src\lib\ImGui</Filter>
    </ClInclude>
    <ClInclude Include="lib\ImGui\imgui_internal.h">
      <Filter>src\lib\ImGui</Filter>
    </ClInclude>
    <ClInclude Include="lib\ImGui\backends\imgui_impl_win32.h">
      <Filter>src\lib\ImGui</Filter>
    </ClInclude>
    <ClInclude Include="lib\ImGui\imstb_rectpack.h">
      <Filter>src\lib\ImGui</Filter>
    </ClInclude>
    <ClInclude Include="lib\ImGui\imstb_textedit.h">
      <Filter>src\lib\ImGui</Filter>
    </ClInclude>
    <ClInclude Include="lib\ImGui\imstb_truetype.h">
      <Filter>src\lib\ImGui</Filter>
    </ClInclude>
    <ClInclude Include="src\util\helpers.h">
      <Filter>src\util</Filter>
    </ClInclude>
    <ClInclude Include="src\util\keystates.h">
      <Filter>src\util</Filter>
    </ClInclude>
    <ClInclude Include="src\util\text_file_functions.h">
      <Filter>src\util</Filter>
    </ClInclude>
    <ClInclude Include="src\util\text_functions.h">
      <Filter>src\util</Filter>
    </ClInclude>
    <ClInclude Include="src\test\opengl_test.h">
      <Filter>src\test</Filter>
    </ClInclude>
    <ClInclude Include="src\test\http_lib_test.h">
      <Filter>src\test</Filter>
    </ClInclude>
    <ClInclude Include="src\test\directx9_test.h">
      <Filter>src\test</Filter>
    </ClInclude>
    <ClInclude Include="src\test\curl_test.h">
      <Filter>src\test</Filter>
    </ClInclude>
    <ClInclude Include="src\test\constructor_test.h">
      <Filter>src\test</Filter>
    </ClInclude>
    <ClInclude Include="src\menus\main_menu.h">
      <Filter>src\menus</Filter>
    </ClInclude>
    <ClInclude Include="src\menus\pch.h">
      <Filter>src\menus</Filter>
    </ClInclude>
    <ClInclude Include="src\menus\text_menu.h">
      <Filter>src\menus</Filter>
    </ClInclude>
    <ClInclude Include="src\menus\vice_city_menu.h">
      <Filter>src\menus</Filter>
    </ClInclude>
    <ClInclude Include="src\functions\imgui_functions.h">
      <Filter>src\functions</Filter>
    </ClInclude>
    <ClInclude Include="src\util\imgui_defines.h" />
    <ClInclude Include="src\menus\test_menu2.h">
      <Filter>src\menus</Filter>
    </ClInclude>
    <ClInclude Include="src\menus\test_menu1.h">
      <Filter>src\menus</Filter>
    </ClInclude>
    <ClInclude Include="src\util\misc_util.h">
      <Filter>src\util</Filter>
    </ClInclude>
    <ClInclude Include="lib\lua\luaconf.h">
      <Filter>src\lib\lua</Filter>
    </ClInclude>
    <ClInclude Include="lib\lua\lualib.h">
      <Filter>src\lib\lua</Filter>
    </ClInclude>
    <ClInclude Include="lib\lua\lundump.h">
      <Filter>src\lib\lua</Filter>
    </ClInclude>
    <ClInclude Include="lib\lua\lvm.h">
      <Filter>src\lib\lua</Filter>
    </ClInclude>
    <ClInclude Include="lib\lua\lzio.h">
      <Filter>src\lib\lua</Filter>
    </ClInclude>
    <ClInclude Include="lib\lua\lapi.h">
      <Filter>src\lib\lua</Filter>
    </ClInclude>
    <ClInclude Include="lib\lua\lauxlib.h">
      <Filter>src\lib\lua</Filter>
    </ClInclude>
    <ClInclude Include="lib\lua\lcode.h">
      <Filter>src\lib\lua</Filter>
    </ClInclude>
    <ClInclude Include="lib\lua\lctype.h">
      <Filter>src\lib\lua</Filter>
    </ClInclude>
    <ClInclude Include="lib\lua\ldebug.h">
      <Filter>src\lib\lua</Filter>
    </ClInclude>
    <ClInclude Include="lib\lua\ldo.h">
      <Filter>src\lib\lua</Filter>
    </ClInclude>
    <ClInclude Include="lib\lua\lfunc.h">
      <Filter>src\lib\lua</Filter>
    </ClInclude>
    <ClInclude Include="lib\lua\lgc.h">
      <Filter>src\lib\lua</Filter>
    </ClInclude>
    <ClInclude Include="lib\lua\ljumptab.h">
      <Filter>src\lib\lua</Filter>
    </ClInclude>
    <ClInclude Include="lib\lua\llex.h">
      <Filter>src\lib\lua</Filter>
    </ClInclude>
    <ClInclude Include="lib\lua\llimits.h">
      <Filter>src\lib\lua</Filter>
    </ClInclude>
    <ClInclude Include="lib\lua\lmem.h">
      <Filter>src\lib\lua</Filter>
    </ClInclude>
    <ClInclude Include="lib\lua\lobject.h">
      <Filter>src\lib\lua</Filter>
    </ClInclude>
    <ClInclude Include="lib\lua\lopcodes.h">
      <Filter>src\lib\lua</Filter>
    </ClInclude>
    <ClInclude Include="lib\lua\lopnames.h">
      <Filter>src\lib\lua</Filter>
    </ClInclude>
    <ClInclude Include="lib\lua\lparser.h">
      <Filter>src\lib\lua</Filter>
    </ClInclude>
    <ClInclude Include="lib\lua\lprefix.h">
      <Filter>src\lib\lua</Filter>
    </ClInclude>
    <ClInclude Include="lib\lua\lstate.h">
      <Filter>src\lib\lua</Filter>
    </ClInclude>
    <ClInclude Include="lib\lua\lstring.h">
      <Filter>src\lib\lua</Filter>
    </ClInclude>
    <ClInclude Include="lib\lua\ltable.h">
      <Filter>src\lib\lua</Filter>
    </ClInclude>
    <ClInclude Include="lib\lua\ltm.h">
      <Filter>src\lib\lua</Filter>
    </ClInclude>
    <ClInclude Include="lib\lua\lua.h">
      <Filter>src\lib\lua</Filter>
    </ClInclude>
    <ClInclude Include="lib\lua\lua.hpp">
      <Filter>src\lib\lua</Filter>
    </ClInclude>
    <ClInclude Include="src\util\defines.h">
      <Filter>src\util</Filter>
    </ClInclude>
    <ClInclude Include="src\test\lua_test.h">
      <Filter>src\test</Filter>
    </ClInclude>
    <ClInclude Include="src\functions\file_functions.h">
      <Filter>src\functions</Filter>
    </ClInclude>
    <ClInclude Include="src\menus\lua_menu.h">
      <Filter>src\menus</Filter>
    </ClInclude>
  </ItemGroup>
  <ItemGroup>
    <Filter Include="src">
      <UniqueIdentifier>{96d2e389-bfd0-443a-af14-d02226755b89}</UniqueIdentifier>
    </Filter>
    <Filter Include="src\util">
      <UniqueIdentifier>{74c54db3-2a79-45b7-ace5-bcbf01fa1044}</UniqueIdentifier>
    </Filter>
    <Filter Include="src\test">
      <UniqueIdentifier>{caee360c-2fdb-4dc0-b9d0-11cc1c076d58}</UniqueIdentifier>
    </Filter>
    <Filter Include="src\menus">
      <UniqueIdentifier>{f4aa985e-3c6f-454e-b800-c186b9f15084}</UniqueIdentifier>
    </Filter>
    <Filter Include="src\lib">
      <UniqueIdentifier>{980dc627-529c-4841-abd5-7fa717911800}</UniqueIdentifier>
    </Filter>
    <Filter Include="src\include">
      <UniqueIdentifier>{91557761-2f06-4a06-b8fa-506b1ae06724}</UniqueIdentifier>
    </Filter>
    <Filter Include="src\lib\ImGui">
      <UniqueIdentifier>{1804e534-3e6f-47ec-bf39-30070e52ce27}</UniqueIdentifier>
    </Filter>
    <Filter Include="src\functions">
      <UniqueIdentifier>{95eb670c-9521-4121-8c32-2817ecc4e7fd}</UniqueIdentifier>
    </Filter>
    <Filter Include="src\lib\lua">
      <UniqueIdentifier>{6856d14a-c1e8-4e12-b7d4-d53f664d880e}</UniqueIdentifier>
    </Filter>
  </ItemGroup>
  <ItemGroup>
    <None Include="lib\ImGui\backends\imgui_impl_metal.mm">
      <Filter>src\lib\ImGui</Filter>
    </None>
    <None Include="lib\lua\Makefile">
      <Filter>src\lib\lua</Filter>
    </None>
  </ItemGroup>
</Project>